PODS:
  - AFBrowser (1.4.3):
    - SDWebImage
    - YYImage
  - Masonry (1.1.0)
  - SDWebImage (5.9.0):
    - SDWebImage/Core (= 5.9.0)
  - SDWebImage/Core (5.9.0)
  - YYImage (1.0.4):
    - YYImage/Core (= 1.0.4)
  - YYImage/Core (1.0.4)

DEPENDENCIES:
  - AFBrowser (from `../`)
  - Masonry

SPEC REPOS:
  https://github.com/CocoaPods/Specs.git:
    - Masonry
    - SDWebImage
    - YYImage

EXTERNAL SOURCES:
  AFBrowser:
    :path: "../"

SPEC CHECKSUMS:
  AFBrowser: 00123617cb63b4c76cf9cd39a9a8bcb45c86bb7c
  Masonry: 678fab65091a9290e40e2832a55e7ab731aad201
  SDWebImage: 62ae4a18473520c67b79e9724c31a63599cc9423
  YYImage: 1e1b62a9997399593e4b9c4ecfbbabbf1d3f3b54

PODFILE CHECKSUM: dc181cb9674fd010a53e3282711caed27974fc89

COCOAPODS: 1.9.1
